dependencies:
  espressif/bdc_motor:
    component_hash: 4165d3711efeab02dfe120716a0c10f9a838bd935e7230efa5f614976217b2eb
    dependencies:
    - name: idf
      require: private
      version: '>=5.0'
    source:
      registry_url: https://components.espressif.com/
      type: service
    version: 0.2.1
  espressif/pid_ctrl:
    component_hash: 22af0226d7adbea821e4c1a8c1fa5dad23c883eb7457e95e19342883a37c44a3
    dependencies:
    - name: idf
      require: private
      version: '>=4.4'
    source:
      registry_url: https://components.espressif.com/
      type: service
    version: 0.2.0
  idf:
    source:
      type: idf
    version: 5.2.6
direct_dependencies:
- espressif/bdc_motor
- espressif/pid_ctrl
manifest_hash: 37a2e0d45246d6e8e09f9d1e3010e6f95d3c8dd97327b0ff87037953b21cfc0c
target: esp32s3
version: 2.0.0
